<?xml version="1.0" encoding="utf-8"?>
<Project ToolsVersion="4.0" xmlns="http://schemas.microsoft.com/developer/msbuild/2003">
  <ItemGroup>
    <Filter Include="源文件">
      <UniqueIdentifier>{4FC737F1-C7A5-4376-A066-2A32D752A2FF}</UniqueIdentifier>
      <Extensions>cpp;c;cc;cxx;def;odl;idl;hpj;bat;asm;asmx</Extensions>
    </Filter>
    <Filter Include="头文件">
      <UniqueIdentifier>{93995380-89BD-4b04-88EB-625FBE52EBFB}</UniqueIdentifier>
      <Extensions>h;hh;hpp;hxx;hm;inl;inc;xsd</Extensions>
    </Filter>
    <Filter Include="资源文件">
      <UniqueIdentifier>{67DA6AB6-F800-4c08-8B7A-83BB121AAD01}</UniqueIdentifier>
      <Extensions>rc;ico;cur;bmp;dlg;rc2;rct;bin;rgs;gif;jpg;jpeg;jpe;resx;tiff;tif;png;wav;mfcribbon-ms</Extensions>
    </Filter>
  </ItemGroup>
  <ItemGroup>
    <Text Include="ReadMe.txt" />
  </ItemGroup>
  <ItemGroup>
    <ClInclude Include="stdafx.h">
      <Filter>头文件</Filter>
    </ClInclude>
    <ClInclude Include="targetver.h">
      <Filter>头文件</Filter>
    </ClInclude>
    <ClInclude Include="..\Library\Lua\Lua-5.3.4\srcThreadSafty\lapi.h">
      <Filter>头文件</Filter>
    </ClInclude>
    <ClInclude Include="..\Library\Lua\Lua-5.3.4\srcThreadSafty\lauxlib.h">
      <Filter>头文件</Filter>
    </ClInclude>
    <ClInclude Include="..\Library\Lua\Lua-5.3.4\srcThreadSafty\lcode.h">
      <Filter>头文件</Filter>
    </ClInclude>
    <ClInclude Include="..\Library\Lua\Lua-5.3.4\srcThreadSafty\lctype.h">
      <Filter>头文件</Filter>
    </ClInclude>
    <ClInclude Include="..\Library\Lua\Lua-5.3.4\srcThreadSafty\ldebug.h">
      <Filter>头文件</Filter>
    </ClInclude>
    <ClInclude Include="..\Library\Lua\Lua-5.3.4\srcThreadSafty\ldo.h">
      <Filter>头文件</Filter>
    </ClInclude>
    <ClInclude Include="..\Library\Lua\Lua-5.3.4\srcThreadSafty\lfunc.h">
      <Filter>头文件</Filter>
    </ClInclude>
    <ClInclude Include="..\Library\Lua\Lua-5.3.4\srcThreadSafty\lgc.h">
      <Filter>头文件</Filter>
    </ClInclude>
    <ClInclude Include="..\Library\Lua\Lua-5.3.4\srcThreadSafty\llex.h">
      <Filter>头文件</Filter>
    </ClInclude>
    <ClInclude Include="..\Library\Lua\Lua-5.3.4\srcThreadSafty\llimits.h">
      <Filter>头文件</Filter>
    </ClInclude>
    <ClInclude Include="..\Library\Lua\Lua-5.3.4\srcThreadSafty\lmem.h">
      <Filter>头文件</Filter>
    </ClInclude>
    <ClInclude Include="..\Library\Lua\Lua-5.3.4\srcThreadSafty\lobject.h">
      <Filter>头文件</Filter>
    </ClInclude>
    <ClInclude Include="..\Library\Lua\Lua-5.3.4\srcThreadSafty\lopcodes.h">
      <Filter>头文件</Filter>
    </ClInclude>
    <ClInclude Include="..\Library\Lua\Lua-5.3.4\srcThreadSafty\lparser.h">
      <Filter>头文件</Filter>
    </ClInclude>
    <ClInclude Include="..\Library\Lua\Lua-5.3.4\srcThreadSafty\lprefix.h">
      <Filter>头文件</Filter>
    </ClInclude>
    <ClInclude Include="..\Library\Lua\Lua-5.3.4\srcThreadSafty\lstate.h">
      <Filter>头文件</Filter>
    </ClInclude>
    <ClInclude Include="..\Library\Lua\Lua-5.3.4\srcThreadSafty\lstring.h">
      <Filter>头文件</Filter>
    </ClInclude>
    <ClInclude Include="..\Library\Lua\Lua-5.3.4\srcThreadSafty\ltable.h">
      <Filter>头文件</Filter>
    </ClInclude>
    <ClInclude Include="..\Library\Lua\Lua-5.3.4\srcThreadSafty\ltm.h">
      <Filter>头文件</Filter>
    </ClInclude>
    <ClInclude Include="..\Library\Lua\Lua-5.3.4\srcThreadSafty\lua.h">
      <Filter>头文件</Filter>
    </ClInclude>
    <ClInclude Include="..\Library\Lua\Lua-5.3.4\srcThreadSafty\lua.hpp">
      <Filter>头文件</Filter>
    </ClInclude>
    <ClInclude Include="..\Library\Lua\Lua-5.3.4\srcThreadSafty\luaconf.h">
      <Filter>头文件</Filter>
    </ClInclude>
    <ClInclude Include="..\Library\Lua\Lua-5.3.4\srcThreadSafty\lualib.h">
      <Filter>头文件</Filter>
    </ClInclude>
    <ClInclude Include="..\Library\Lua\Lua-5.3.4\srcThreadSafty\lundump.h">
      <Filter>头文件</Filter>
    </ClInclude>
    <ClInclude Include="..\Library\Lua\Lua-5.3.4\srcThreadSafty\lvm.h">
      <Filter>头文件</Filter>
    </ClInclude>
    <ClInclude Include="..\Library\Lua\Lua-5.3.4\srcThreadSafty\lzio.h">
      <Filter>头文件</Filter>
    </ClInclude>
  </ItemGroup>
  <ItemGroup>
    <ClCompile Include="stdafx.cpp">
      <Filter>源文件</Filter>
    </ClCompile>
    <ClCompile Include="dllmain.cpp">
      <Filter>源文件</Filter>
    </ClCompile>
    <ClCompile Include="..\Library\Lua\Lua-5.3.4\srcThreadSafty\lapi.c">
      <Filter>源文件</Filter>
    </ClCompile>
    <ClCompile Include="..\Library\Lua\Lua-5.3.4\srcThreadSafty\lauxlib.c">
      <Filter>源文件</Filter>
    </ClCompile>
    <ClCompile Include="..\Library\Lua\Lua-5.3.4\srcThreadSafty\lbaselib.c">
      <Filter>源文件</Filter>
    </ClCompile>
    <ClCompile Include="..\Library\Lua\Lua-5.3.4\srcThreadSafty\lbitlib.c">
      <Filter>源文件</Filter>
    </ClCompile>
    <ClCompile Include="..\Library\Lua\Lua-5.3.4\srcThreadSafty\lcode.c">
      <Filter>源文件</Filter>
    </ClCompile>
    <ClCompile Include="..\Library\Lua\Lua-5.3.4\srcThreadSafty\lcorolib.c">
      <Filter>源文件</Filter>
    </ClCompile>
    <ClCompile Include="..\Library\Lua\Lua-5.3.4\srcThreadSafty\lctype.c">
      <Filter>源文件</Filter>
    </ClCompile>
    <ClCompile Include="..\Library\Lua\Lua-5.3.4\srcThreadSafty\ldblib.c">
      <Filter>源文件</Filter>
    </ClCompile>
    <ClCompile Include="..\Library\Lua\Lua-5.3.4\srcThreadSafty\ldebug.c">
      <Filter>源文件</Filter>
    </ClCompile>
    <ClCompile Include="..\Library\Lua\Lua-5.3.4\srcThreadSafty\ldo.c">
      <Filter>源文件</Filter>
    </ClCompile>
    <ClCompile Include="..\Library\Lua\Lua-5.3.4\srcThreadSafty\ldump.c">
      <Filter>源文件</Filter>
    </ClCompile>
    <ClCompile Include="..\Library\Lua\Lua-5.3.4\srcThreadSafty\lfunc.c">
      <Filter>源文件</Filter>
    </ClCompile>
    <ClCompile Include="..\Library\Lua\Lua-5.3.4\srcThreadSafty\lgc.c">
      <Filter>源文件</Filter>
    </ClCompile>
    <ClCompile Include="..\Library\Lua\Lua-5.3.4\srcThreadSafty\linit.c">
      <Filter>源文件</Filter>
    </ClCompile>
    <ClCompile Include="..\Library\Lua\Lua-5.3.4\srcThreadSafty\liolib.c">
      <Filter>源文件</Filter>
    </ClCompile>
    <ClCompile Include="..\Library\Lua\Lua-5.3.4\srcThreadSafty\llex.c">
      <Filter>源文件</Filter>
    </ClCompile>
    <ClCompile Include="..\Library\Lua\Lua-5.3.4\srcThreadSafty\lmathlib.c">
      <Filter>源文件</Filter>
    </ClCompile>
    <ClCompile Include="..\Library\Lua\Lua-5.3.4\srcThreadSafty\lmem.c">
      <Filter>源文件</Filter>
    </ClCompile>
    <ClCompile Include="..\Library\Lua\Lua-5.3.4\srcThreadSafty\loadlib.c">
      <Filter>源文件</Filter>
    </ClCompile>
    <ClCompile Include="..\Library\Lua\Lua-5.3.4\srcThreadSafty\lobject.c">
      <Filter>源文件</Filter>
    </ClCompile>
    <ClCompile Include="..\Library\Lua\Lua-5.3.4\srcThreadSafty\lopcodes.c">
      <Filter>源文件</Filter>
    </ClCompile>
    <ClCompile Include="..\Library\Lua\Lua-5.3.4\srcThreadSafty\loslib.c">
      <Filter>源文件</Filter>
    </ClCompile>
    <ClCompile Include="..\Library\Lua\Lua-5.3.4\srcThreadSafty\lparser.c">
      <Filter>源文件</Filter>
    </ClCompile>
    <ClCompile Include="..\Library\Lua\Lua-5.3.4\srcThreadSafty\lstate.c">
      <Filter>源文件</Filter>
    </ClCompile>
    <ClCompile Include="..\Library\Lua\Lua-5.3.4\srcThreadSafty\lstring.c">
      <Filter>源文件</Filter>
    </ClCompile>
    <ClCompile Include="..\Library\Lua\Lua-5.3.4\srcThreadSafty\lstrlib.c">
      <Filter>源文件</Filter>
    </ClCompile>
    <ClCompile Include="..\Library\Lua\Lua-5.3.4\srcThreadSafty\ltable.c">
      <Filter>源文件</Filter>
    </ClCompile>
    <ClCompile Include="..\Library\Lua\Lua-5.3.4\srcThreadSafty\ltablib.c">
      <Filter>源文件</Filter>
    </ClCompile>
    <ClCompile Include="..\Library\Lua\Lua-5.3.4\srcThreadSafty\ltm.c">
      <Filter>源文件</Filter>
    </ClCompile>
    <ClCompile Include="..\Library\Lua\Lua-5.3.4\srcThreadSafty\lundump.c">
      <Filter>源文件</Filter>
    </ClCompile>
    <ClCompile Include="..\Library\Lua\Lua-5.3.4\srcThreadSafty\lutf8lib.c">
      <Filter>源文件</Filter>
    </ClCompile>
    <ClCompile Include="..\Library\Lua\Lua-5.3.4\srcThreadSafty\lvm.c">
      <Filter>源文件</Filter>
    </ClCompile>
    <ClCompile Include="..\Library\Lua\Lua-5.3.4\srcThreadSafty\lzio.c">
      <Filter>源文件</Filter>
    </ClCompile>
  </ItemGroup>
</Project>